{
  "lockfileVersion": 1,
  "configVersion": 1,
  "workspaces": {
    "": {
      "name": "@persista/database",
      "dependencies": {
        "@prisma/adapter-neon": "^7.9.1",
      },
    },
  },
  "packages": {
    "@neondatabase/serverless": ["@neondatabase/serverless@1.1.0", "", {}, "sha512-r3ZZhRjEcfEdKIZnoB1RusNgvHuaBRqfCzV4Gi+5A9yUX0S4HTws/ASWqt13wL4y4I+0rqsWGdA2w7EQXHi3+Q=="],

    "@prisma/adapter-neon": ["@prisma/adapter-neon@7.9.1", "", { "dependencies": { "@neondatabase/serverless": ">0.6.0 <2", "@prisma/driver-adapter-utils": "7.9.1", "postgres-array": "3.0.4" } }, "sha512-YqJYuohI03da41N4X+DaA9RlQGWrA4gND24TIkuPPXAsNpnMlFuSfTgUycP4UXiGr7nwZ8PeQIUqMxaYzaAcNw=="],

    "@prisma/debug": ["@prisma/debug@7.9.1", "", {}, "sha512-/cpVZ4itxtcgB8GHBvZtcmuEjq+lWsLrRJxFMbwZrT1RIdtuKmUm7PPGo/wzfbYpBrk+9WmmBE8CHJw2rybKDQ=="],

    "@prisma/driver-adapter-utils": ["@prisma/driver-adapter-utils@7.9.1", "", { "dependencies": { "@prisma/debug": "7.9.1" } }, "sha512-vmHehG7nn/heW32DXXpp13DxxAxVVe6n250oEt3dOL2E/4bt3olktKZN0mzSuxMMronyMSkbeW2uCOn3F4g8RQ=="],

    "postgres-array": ["postgres-array@3.0.4", "", {}, "sha512-nAUSGfSDGOaOAEGwqsRY27GPOea7CNipJPOA7lPbdEpx5Kg3qzdP0AaWC5MlhTWV9s4hFX39nomVZ+C4tnGOJQ=="],
  }
}
